// !$*UTF8*$!
{
	archiveVersion = 1;
	classes = {
	};
	objectVersion = 46;
	objects = {

/* Begin PBXBuildFile section */
		EF04934A1CEF82BB0078FBFB /* AppDelegate.swift in Sources */ = {isa = PBXBuildFile; fileRef = EF0493491CEF82BB0078FBFB /* AppDelegate.swift */; };
		EF04934C1CEF82BB0078FBFB /* ViewController.swift in Sources */ = {isa = PBXBuildFile; fileRef = EF04934B1CEF82BB0078FBFB /* ViewController.swift */; };
		EF04934F1CEF82BB0078FBFB /* Main.storyboard in Resources */ = {isa = PBXBuildFile; fileRef = EF04934D1CEF82BB0078FBFB /* Main.storyboard */; };
		EF0493511CEF82BB0078FBFB /* Assets.xcassets in Resources */ = {isa = PBXBuildFile; fileRef = EF0493501CEF82BB0078FBFB /* Assets.xcassets */; };
		EF0493541CEF82BB0078FBFB /* LaunchScreen.storyboard in Resources */ = {isa = PBXBuildFile; fileRef = EF0493521CEF82BB0078FBFB /* LaunchScreen.storyboard */; };
/* End PBXBuildFile section */

/* Begin PBXFileReference section */
		EF0493461CEF82BB0078FBFB /* HomeworkHelper.app */ = {isa = PBXFileReference; explicitFileType = wrapper.application; includeInIndex = 0; path = HomeworkHelper.app; sourceTree = BUILT_PRODUCTS_DIR; };
		EF0493491CEF82BB0078FBFB /* AppDelegate.swift */ = {isa = PBXFileReference; lastKnownFileType = sourcecode.swift; path = AppDelegate.swift; sourceTree = "<group>"; };
		EF04934B1CEF82BB0078FBFB /* ViewController.swift */ = {isa = PBXFileReference; lastKnownFileType = sourcecode.swift; path = ViewController.swift; sourceTree = "<group>"; };
		EF04934E1CEF82BB0078FBFB /* Base */ = {isa = PBXFileReference; lastKnownFileType = file.storyboard; name = Base; path = Base.lproj/Main.storyboard; sourceTree = "<group>"; };
		EF0493501CEF82BB0078FBFB /* Assets.xcassets */ = {isa = PBXFileReference; lastKnownFileType = folder.assetcatalog; path = Assets.xcassets; sourceTree = "<group>"; };
		EF0493531CEF82BB0078FBFB /* Base */ = {isa = PBXFileReference; lastKnownFileType = file.storyboard; name = Base; path = Base.lproj/LaunchScreen.storyboard; sourceTree = "<group>"; };
		EF0493551CEF82BB0078FBFB /* Info.plist */ = {isa = PBXFileReference; lastKnownFileType = text.plist.xml; path = Info.plist; sourceTree = "<group>"; };
/* End PBXFileReference section */

/* Begin PBXFrameworksBuildPhase section */
		EF0493431CEF82BB0078FBFB /* Frameworks */ = {
			isa = PBXFrameworksBuildPhase;
			buildActionMask = 2147483647;
			files = (
			);
			runOnlyForDeploymentPostprocessing = 0;
		};
/* End PBXFrameworksBuildPhase section */

/* Begin PBXGroup section */
		EF04933D1CEF82BB0078FBFB = {
			isa = PBXGroup;
			children = (
				EF0493481CEF82BB0078FBFB /* HomeworkHelper */,
				EF0493471CEF82BB0078FBFB /* Products */,
			);
			sourceTree = "<group>";
		};
		EF0493471CEF82BB0078FBFB /* Products */ = {
			isa = PBXGroup;
			children = (
				EF0493461CEF82BB0078FBFB /* HomeworkHelper.app */,
			);
			name = Products;
			sourceTree = "<group>";
		};
		EF0493481CEF82BB0078FBFB /* HomeworkHelper */ = {
			isa = PBXGroup;
			children = (
				EF0493491CEF82BB0078FBFB /* AppDelegate.swift */,
				EF04934B1CEF82BB0078FBFB /* ViewController.swift */,
				EF04934D1CEF82BB0078FBFB /* Main.storyboard */,
				EF0493501CEF82BB0078FBFB /* Assets.xcassets */,
				EF0493521CEF82BB0078FBFB /* LaunchScreen.storyboard */,
				EF0493551CEF82BB0078FBFB /* Info.plist */,
			);
			path = HomeworkHelper;
			sourceTree = "<group>";
		};
/* End PBXGroup section */

/* Begin PBXNativeTarget section */
		EF0493451CEF82BB0078FBFB /* HomeworkHelper */ = {
			isa = PBXNativeTarget;
			buildConfigurationList = EF0493581CEF82BB0078FBFB /* Build configuration list for PBXNativeTarget "HomeworkHelper" */;
			buildPhases = (
				EF0493421CEF82BB0078FBFB /* Sources */,
				EF0493431CEF82BB0078FBFB /* Frameworks */,
				EF0493441CEF82BB0078FBFB /* Resources */,
			);
			buildRules = (
			);
			dependencies = (
			);
			name = HomeworkHelper;
			productName = HomeworkHelper;
			productReference = EF0493461CEF82BB0078FBFB /* HomeworkHelper.app */;
			productType = "com.apple.product-type.application";
		};
/* End PBXNativeTarget section */

/* Begin PBXProject section */
		EF04933E1CEF82BB0078FBFB /* Project object */ = {
			isa = PBXProject;
			attributes = {
				LastSwiftUpdateCheck = 0730;
				LastUpgradeCheck = 0730;
				ORGANIZATIONNAME = "David Richardson";
				TargetAttributes = {
					EF0493451CEF82BB0078FBFB = {
						CreatedOnToolsVersion = 7.3.1;
						DevelopmentTeam = UJCWNQT8EJ;
					};
				};
			};
			buildConfigurationList = EF0493411CEF82BB0078FBFB /* Build configuration list for PBXProject "HomeworkHelper" */;
			compatibilityVersion = "Xcode 3.2";
			developmentRegion = English;
			hasScannedForEncodings = 0;
			knownRegions = (
				en,
				Base,
			);
			mainGroup = EF04933D1CEF82BB0078FBFB;
			productRefGroup = EF0493471CEF82BB0078FBFB /* Products */;
			projectDirPath = "";
			projectRoot = "";
			targets = (
				EF0493451CEF82BB0078FBFB /* HomeworkHelper */,
			);
		};
/* End PBXProject section */

/* Begin PBXResourcesBuildPhase section */
		EF0493441CEF82BB0078FBFB /* Resources */ = {
			isa = PBXResourcesBuildPhase;
			buildActionMask = 2147483647;
			files = (
				EF0493541CEF82BB0078FBFB /* LaunchScreen.storyboard in Resources */,
				EF0493511CEF82BB0078FBFB /* Assets.xcassets in Resources */,
				EF04934F1CEF82BB0078FBFB /* Main.storyboard in Resources */,
			);
			runOnlyForDeploymentPostprocessing = 0;
		};
/* End PBXResourcesBuildPhase section */

/* Begin PBXSourcesBuildPhase section */
		EF0493421CEF82BB0078FBFB /* Sources */ = {
			isa = PBXSourcesBuildPhase;
			buildActionMask = 2147483647;
			files = (
				EF04934C1CEF82BB0078FBFB /* ViewController.swift in Sources */,
				EF04934A1CEF82BB0078FBFB /* AppDelegate.swift in Sources */,
			);
			runOnlyForDeploymentPostprocessing = 0;
		};
/* End PBXSourcesBuildPhase section */

/* Begin PBXVariantGroup section */
		EF04934D1CEF82BB0078FBFB /* Main.storyboard */ = {
			isa = PBXVariantGroup;
			children = (
				EF04934E1CEF82BB0078FBFB /* Base */,
			);
			name = Main.storyboard;
			sourceTree = "<group>";
		};
		EF0493521CEF82BB0078FBFB /* LaunchScreen.storyboard */ = {
			isa = PBXVariantGroup;
			children = (
				EF0493531CEF82BB0078FBFB /* Base */,
			);
			name = LaunchScreen.storyboard;
			sourceTree = "<group>";
		};
/* End PBXVariantGroup section */

/* Begin XCBuildConfiguration section */
		EF0493561CEF82BB0078FBFB /* Debug */ = {
			isa = XCBuildConfiguration;
			buildSettings = {
				ALWAYS_SEARCH_USER_PATHS = NO;
				CLANG_ANALYZER_NONNULL = YES;
				CLANG_CXX_LANGUAGE_STANDARD = "gnu++0x";
				CLANG_CXX_LIBRARY = "libc++";
				CLANG_ENABLE_MODULES = YES;
				CLANG_ENABLE_OBJC_ARC = YES;
				CLANG_WARN_BOOL_CONVERSION = YES;
				CLANG_WARN_CONSTANT_CONVERSION = YES;
				CLANG_WARN_DIRECT_OBJC_ISA_USAGE = YES_ERROR;
				CLANG_WARN_EMPTY_BODY = YES;
				CLANG_WARN_ENUM_CONVERSION = YES;
				CLANG_WARN_INT_CONVERSION = YES;
				CLANG_WARN_OBJC_ROOT_CLASS = YES_ERROR;
				CLANG_WARN_UNREACHABLE_CODE = YES;
				CLANG_WARN__DUPLICATE_METHOD_MATCH = YES;
				"CODE_SIGN_IDENTITY[sdk=iphoneos*]" = "iPhone Developer";
				COPY_PHASE_STRIP = NO;
				DEBUG_INFORMATION_FORMAT = dwarf;
				ENABLE_STRICT_OBJC_MSGSEND = YES;
				ENABLE_TESTABILITY = YES;
				GCC_C_LANGUAGE_STANDARD = gnu99;
				GCC_DYNAMIC_NO_PIC = NO;
				GCC_NO_COMMON_BLOCKS = YES;
				GCC_OPTIMIZATION_LEVEL = 0;
				GCC_PREPROCESSOR_DEFINITIONS = (
					"DEBUG=1",
					"$(inherited)",
				);
				GCC_WARN_64_TO_32_BIT_CONVERSION = YES;
				GCC_WARN_ABOUT_RETURN_TYPE = YES_ERROR;
				GCC_WARN_UNDECLARED_SELECTOR = YES;
				GCC_WARN_UNINITIALIZED_AUTOS = YES_AGGRESSIVE;
				GCC_WARN_UNUSED_FUNCTION = YES;
				GCC_WARN_UNUSED_VARIABLE = YES;
				IPHONEOS_DEPLOYMENT_TARGET = 9.3;
				MTL_ENABLE_DEBUG_INFO = YES;
				ONLY_ACTIVE_ARCH = YES;
				SDKROOT = iphoneos;
				SWIFT_OPTIMIZATION_LEVEL = "-Onone";
			};
			name = Debug;
		};
		EF0493571CEF82BB0078FBFB /* Release */ = {
			isa = XCBuildConfiguration;
			buildSettings = {
				ALWAYS_SEARCH_USER_PATHS = NO;
				CLANG_ANALYZER_NONNULL = YES;
				CLANG_CXX_LANGUAGE_STANDARD = "gnu++0x";
				CLANG_CXX_LIBRARY = "libc++";
				CLANG_ENABLE_MODULES = YES;
				CLANG_ENABLE_OBJC_ARC = YES;
				CLANG_WARN_BOOL_CONVERSION = YES;
				CLANG_WARN_CONSTANT_CONVERSION = YES;
				CLANG_WARN_DIRECT_OBJC_ISA_USAGE = YES_ERROR;
				CLANG_WARN_EMPTY_BODY = YES;
				CLANG_WARN_ENUM_CONVERSION = YES;
				CLANG_WARN_INT_CONVERSION = YES;
				CLANG_WARN_OBJC_ROOT_CLASS = YES_ERROR;
				CLANG_WARN_UNREACHABLE_CODE = YES;
				CLANG_WARN__DUPLICATE_METHOD_MATCH = YES;
				"CODE_SIGN_IDENTITY[sdk=iphoneos*]" = "iPhone Developer";
				COPY_PHASE_STRIP = NO;
				DEBUG_INFORMATION_FORMAT = "dwarf-with-dsym";
				ENABLE_NS_ASSERTIONS = NO;
				ENABLE_STRICT_OBJC_MSGSEND = YES;
				GCC_C_LANGUAGE_STANDARD = gnu99;
				GCC_NO_COMMON_BLOCKS = YES;
				GCC_WARN_64_TO_32_BIT_CONVERSION = YES;
				GCC_WARN_ABOUT_RETURN_TYPE = YES_ERROR;
				GCC_WARN_UNDECLARED_SELECTOR = YES;
				GCC_WARN_UNINITIALIZED_AUTOS = YES_AGGRESSIVE;
				GCC_WARN_UNUSED_FUNCTION = YES;
				GCC_WARN_UNUSED_VARIABLE = YES;
				IPHONEOS_DEPLOYMENT_TARGET = 9.3;
				MTL_ENABLE_DEBUG_INFO = NO;
				SDKROOT = iphoneos;
				VALIDATE_PRODUCT = YES;
			};
			name = Release;
		};
		EF0493591CEF82BB0078FBFB /* Debug */ = {
			isa = XCBuildConfiguration;
			buildSettings = {
				ASSETCATALOG_COMPILER_APPICON_NAME = AppIcon;
				INFOPLIST_FILE = HomeworkHelper/Info.plist;
				LD_RUNPATH_SEARCH_PATHS = "$(inherited) @executable_path/Frameworks";
				PRODUCT_BUNDLE_IDENTIFIER = com.DavidRichardson.HomeworkHelper;
				PRODUCT_NAME = "$(TARGET_NAME)";
			};
			name = Debug;
		};
		EF04935A1CEF82BB0078FBFB /* Release */ = {
			isa = XCBuildConfiguration;
			buildSettings = {
				ASSETCATALOG_COMPILER_APPICON_NAME = AppIcon;
				INFOPLIST_FILE = HomeworkHelper/Info.plist;
				LD_RUNPATH_SEARCH_PATHS = "$(inherited) @executable_path/Frameworks";
				PRODUCT_BUNDLE_IDENTIFIER = com.DavidRichardson.HomeworkHelper;
				PRODUCT_NAME = "$(TARGET_NAME)";
			};
			name = Release;
		};
/* End XCBuildConfiguration section */

/* Begin XCConfigurationList section */
		EF0493411CEF82BB0078FBFB /* Build configuration list for PBXProject "HomeworkHelper" */ = {
			isa = XCConfigurationList;
			buildConfigurations = (
				EF0493561CEF82BB0078FBFB /* Debug */,
				EF0493571CEF82BB0078FBFB /* Release */,
			);
			defaultConfigurationIsVisible = 0;
			defaultConfigurationName = Release;
		};
		EF0493581CEF82BB0078FBFB /* Build configuration list for PBXNativeTarget "HomeworkHelper" */ = {
			isa = XCConfigurationList;
			buildConfigurations = (
				EF0493591CEF82BB0078FBFB /* Debug */,
				EF04935A1CEF82BB0078FBFB /* Release */,
			);
			defaultConfigurationIsVisible = 0;
		};
/* End XCConfigurationList section */
	};
	rootObject = EF04933E1CEF82BB0078FBFB /* Project object */;
}
